
Microsoft Visual Studio Solution File, Format Version 12.00
# Visual Studio Version 17
VisualStudioVersion = 17.5.33627.172
MinimumVisualStudioVersion = 10.0.40219.1
Project("{FAE04EC0-301F-11D3-BF4B-00C04F79EFBC}") = "CRUDMVC", "CRUDMVC\CRUDMVC.csproj", "{AA2FEE7D-7427-41E4-8403-F4842604BC01}"
EndProject
Global
	GlobalSection(SolutionConfigurationPlatforms) = preSolution
		Debug|Any CPU = Debug|Any CPU
		Release|Any CPU = Release|Any CPU
	EndGlobalSection
	GlobalSection(ProjectConfigurationPlatforms) = postSolution
		{AA2FEE7D-7427-41E4-8403-F4842604BC01}.Debug|Any CPU.ActiveCfg = Debug|Any CPU
		{AA2FEE7D-7427-41E4-8403-F4842604BC01}.Debug|Any CPU.Build.0 = Debug|Any CPU
		{AA2FEE7D-7427-41E4-8403-F4842604BC01}.Release|Any CPU.ActiveCfg = Release|Any CPU
		{AA2FEE7D-7427-41E4-8403-F4842604BC01}.Release|Any CPU.Build.0 = Release|Any CPU
	EndGlobalSection
	GlobalSection(SolutionProperties) = preSolution
		HideSolutionNode = FALSE
	EndGlobalSection
	GlobalSection(ExtensibilityGlobals) = postSolution
		SolutionGuid = {C5BBA38C-9A1F-429D-99CD-B3D7461612D7}
	EndGlobalSection
EndGlobal
